
Microsoft Visual Studio Solution File, Format Version 12.00
# Visual Studio Version 17
VisualStudioVersion = 17.7.34009.444
MinimumVisualStudioVersion = 10.0.40219.1
Project("{FAE04EC0-301F-11D3-BF4B-00C04F79EFBC}") = "ConsoleApp12", "ConsoleApp12\ConsoleApp12.csproj", "{CF24F769-8CC5-44E8-BD86-5D274587A146}"
EndProject
Global
	GlobalSection(SolutionConfigurationPlatforms) = preSolution
		Debug|Any CPU = Debug|Any CPU
		Release|Any CPU = Release|Any CPU
	EndGlobalSection
	GlobalSection(ProjectConfigurationPlatforms) = postSolution
		{CF24F769-8CC5-44E8-BD86-5D274587A146}.Debug|Any CPU.ActiveCfg = Debug|Any CPU
		{CF24F769-8CC5-44E8-BD86-5D274587A146}.Debug|Any CPU.Build.0 = Debug|Any CPU
		{CF24F769-8CC5-44E8-BD86-5D274587A146}.Release|Any CPU.ActiveCfg = Release|Any CPU
		{CF24F769-8CC5-44E8-BD86-5D274587A146}.Release|Any CPU.Build.0 = Release|Any CPU
	EndGlobalSection
	GlobalSection(SolutionProperties) = preSolution
		HideSolutionNode = FALSE
	EndGlobalSection
	GlobalSection(ExtensibilityGlobals) = postSolution
		SolutionGuid = {6A8A12D2-CAC5-405D-8BB0-FC8CA217646A}
	EndGlobalSection
EndGlobal
