
Microsoft Visual Studio Solution File, Format Version 12.00
# Visual Studio Version 17
VisualStudioVersion = 17.7.34009.444
MinimumVisualStudioVersion = 10.0.40219.1
Project("{FAE04EC0-301F-11D3-BF4B-00C04F79EFBC}") = "ConsoleApp6", "ConsoleApp6\ConsoleApp6.csproj", "{4A2C5DC6-E791-481B-8CE0-D968503E1F19}"
EndProject
Global
	GlobalSection(SolutionConfigurationPlatforms) = preSolution
		Debug|Any CPU = Debug|Any CPU
		Release|Any CPU = Release|Any CPU
	EndGlobalSection
	GlobalSection(ProjectConfigurationPlatforms) = postSolution
		{4A2C5DC6-E791-481B-8CE0-D968503E1F19}.Debug|Any CPU.ActiveCfg = Debug|Any CPU
		{4A2C5DC6-E791-481B-8CE0-D968503E1F19}.Debug|Any CPU.Build.0 = Debug|Any CPU
		{4A2C5DC6-E791-481B-8CE0-D968503E1F19}.Release|Any CPU.ActiveCfg = Release|Any CPU
		{4A2C5DC6-E791-481B-8CE0-D968503E1F19}.Release|Any CPU.Build.0 = Release|Any CPU
	EndGlobalSection
	GlobalSection(SolutionProperties) = preSolution
		HideSolutionNode = FALSE
	EndGlobalSection
	GlobalSection(ExtensibilityGlobals) = postSolution
		SolutionGuid = {BBED3127-4B82-4481-A204-45D73999DC7B}
	EndGlobalSection
EndGlobal
